
Microsoft Visual Studio Solution File, Format Version 12.00
# Visual Studio Version 17
VisualStudioVersion = 17.13.35931.197 d17.13
MinimumVisualStudioVersion = 10.0.40219.1
Project("{FAE04EC0-301F-11D3-BF4B-00C04F79EFBC}") = "Bibloteca", "Bibloteca\Bibloteca.csproj", "{91928E65-881D-455F-9EA6-C611A3FC94A5}"
EndProject
Project("{FAE04EC0-301F-11D3-BF4B-00C04F79EFBC}") = "CapaDatos", "CapaDatos\CapaDatos.csproj", "{452563A1-EC01-4C7C-9F83-D6D490E24C12}"
EndProject
Project("{FAE04EC0-301F-11D3-BF4B-00C04F79EFBC}") = "CapaLibros", "CapaLibros\CapaLibros.csproj", "{3C461194-43D1-4CB3-B702-62F2997B7062}"
EndProject
Project("{FAE04EC0-301F-11D3-BF4B-00C04F79EFBC}") = "Capa Presentacion", "Capa Presentacion\Capa Presentacion.csproj", "{0A2B63BF-967A-469F-8469-8BA126A5E2CA}"
EndProject
Global
	GlobalSection(SolutionConfigurationPlatforms) = preSolution
		Debug|Any CPU = Debug|Any CPU
		Release|Any CPU = Release|Any CPU
	EndGlobalSection
	GlobalSection(ProjectConfigurationPlatforms) = postSolution
		{91928E65-881D-455F-9EA6-C611A3FC94A5}.Debug|Any CPU.ActiveCfg = Debug|Any CPU
		{91928E65-881D-455F-9EA6-C611A3FC94A5}.Debug|Any CPU.Build.0 = Debug|Any CPU
		{91928E65-881D-455F-9EA6-C611A3FC94A5}.Release|Any CPU.ActiveCfg = Release|Any CPU
		{91928E65-881D-455F-9EA6-C611A3FC94A5}.Release|Any CPU.Build.0 = Release|Any CPU
		{452563A1-EC01-4C7C-9F83-D6D490E24C12}.Debug|Any CPU.ActiveCfg = Debug|Any CPU
		{452563A1-EC01-4C7C-9F83-D6D490E24C12}.Debug|Any CPU.Build.0 = Debug|Any CPU
		{452563A1-EC01-4C7C-9F83-D6D490E24C12}.Release|Any CPU.ActiveCfg = Release|Any CPU
		{452563A1-EC01-4C7C-9F83-D6D490E24C12}.Release|Any CPU.Build.0 = Release|Any CPU
		{3C461194-43D1-4CB3-B702-62F2997B7062}.Debug|Any CPU.ActiveCfg = Debug|Any CPU
		{3C461194-43D1-4CB3-B702-62F2997B7062}.Debug|Any CPU.Build.0 = Debug|Any CPU
		{3C461194-43D1-4CB3-B702-62F2997B7062}.Release|Any CPU.ActiveCfg = Release|Any CPU
		{3C461194-43D1-4CB3-B702-62F2997B7062}.Release|Any CPU.Build.0 = Release|Any CPU
		{0A2B63BF-967A-469F-8469-8BA126A5E2CA}.Debug|Any CPU.ActiveCfg = Debug|Any CPU
		{0A2B63BF-967A-469F-8469-8BA126A5E2CA}.Debug|Any CPU.Build.0 = Debug|Any CPU
		{0A2B63BF-967A-469F-8469-8BA126A5E2CA}.Release|Any CPU.ActiveCfg = Release|Any CPU
		{0A2B63BF-967A-469F-8469-8BA126A5E2CA}.Release|Any CPU.Build.0 = Release|Any CPU
	EndGlobalSection
	GlobalSection(SolutionProperties) = preSolution
		HideSolutionNode = FALSE
	EndGlobalSection
	GlobalSection(ExtensibilityGlobals) = postSolution
		SolutionGuid = {2DEF1FB2-ECC6-4841-B606-4D99A084C691}
	EndGlobalSection
EndGlobal
